
Microsoft Visual Studio Solution File, Format Version 12.00
# Visual Studio Version 17
VisualStudioVersion = 17.14.36109.1 d17.14
MinimumVisualStudioVersion = 10.0.40219.1
Project("{FAE04EC0-301F-11D3-BF4B-00C04F79EFBC}") = "Api", "NewsService\Api.csproj", "{34D8FDC7-7F17-474A-B853-31300376AD29}"
	ProjectSection(ProjectDependencies) = postProject
		{FEB166EC-C344-42F2-90F3-2B1C991EFF81} = {FEB166EC-C344-42F2-90F3-2B1C991EFF81}
		{FEFEE028-8CA0-4D43-BE46-ACB51D7BAD68} = {FEFEE028-8CA0-4D43-BE46-ACB51D7BAD68}
	EndProjectSection
EndProject
Project("{FAE04EC0-301F-11D3-BF4B-00C04F79EFBC}") = "Domain", "Domain\Domain.csproj", "{8A19D25A-8E8C-4AF2-A96A-7C3D0AF83E27}"
	ProjectSection(ProjectDependencies) = postProject
		{E30252E3-8BD4-C75E-BAF1-6DDC8C4FC510} = {E30252E3-8BD4-C75E-BAF1-6DDC8C4FC510}
	EndProjectSection
EndProject
Project("{FAE04EC0-301F-11D3-BF4B-00C04F79EFBC}") = "Infrastucture", "Infrastucture\Infrastucture.csproj", "{FEB166EC-C344-42F2-90F3-2B1C991EFF81}"
	ProjectSection(ProjectDependencies) = postProject
		{FEFEE028-8CA0-4D43-BE46-ACB51D7BAD68} = {FEFEE028-8CA0-4D43-BE46-ACB51D7BAD68}
	EndProjectSection
EndProject
Project("{FAE04EC0-301F-11D3-BF4B-00C04F79EFBC}") = "Service", "Service\Service.csproj", "{FEFEE028-8CA0-4D43-BE46-ACB51D7BAD68}"
	ProjectSection(ProjectDependencies) = postProject
		{8A19D25A-8E8C-4AF2-A96A-7C3D0AF83E27} = {8A19D25A-8E8C-4AF2-A96A-7C3D0AF83E27}
	EndProjectSection
EndProject
Project("{2150E333-8FDC-42A3-9474-1A3956D46DE8}") = "Libs", "Libs", "{36D591C7-65C7-A0D1-1CBC-10CDE441BDC8}"
EndProject
Project("{FAE04EC0-301F-11D3-BF4B-00C04F79EFBC}") = "Core", "..\..\Libs\Core\Core.csproj", "{E30252E3-8BD4-C75E-BAF1-6DDC8C4FC510}"
EndProject
Global
	GlobalSection(SolutionConfigurationPlatforms) = preSolution
		Debug|Any CPU = Debug|Any CPU
		Release|Any CPU = Release|Any CPU
	EndGlobalSection
	GlobalSection(ProjectConfigurationPlatforms) = postSolution
		{34D8FDC7-7F17-474A-B853-31300376AD29}.Debug|Any CPU.ActiveCfg = Debug|Any CPU
		{34D8FDC7-7F17-474A-B853-31300376AD29}.Debug|Any CPU.Build.0 = Debug|Any CPU
		{34D8FDC7-7F17-474A-B853-31300376AD29}.Release|Any CPU.ActiveCfg = Release|Any CPU
		{34D8FDC7-7F17-474A-B853-31300376AD29}.Release|Any CPU.Build.0 = Release|Any CPU
		{8A19D25A-8E8C-4AF2-A96A-7C3D0AF83E27}.Debug|Any CPU.ActiveCfg = Debug|Any CPU
		{8A19D25A-8E8C-4AF2-A96A-7C3D0AF83E27}.Debug|Any CPU.Build.0 = Debug|Any CPU
		{8A19D25A-8E8C-4AF2-A96A-7C3D0AF83E27}.Release|Any CPU.ActiveCfg = Release|Any CPU
		{8A19D25A-8E8C-4AF2-A96A-7C3D0AF83E27}.Release|Any CPU.Build.0 = Release|Any CPU
		{FEB166EC-C344-42F2-90F3-2B1C991EFF81}.Debug|Any CPU.ActiveCfg = Debug|Any CPU
		{FEB166EC-C344-42F2-90F3-2B1C991EFF81}.Debug|Any CPU.Build.0 = Debug|Any CPU
		{FEB166EC-C344-42F2-90F3-2B1C991EFF81}.Release|Any CPU.ActiveCfg = Release|Any CPU
		{FEB166EC-C344-42F2-90F3-2B1C991EFF81}.Release|Any CPU.Build.0 = Release|Any CPU
		{FEFEE028-8CA0-4D43-BE46-ACB51D7BAD68}.Debug|Any CPU.ActiveCfg = Debug|Any CPU
		{FEFEE028-8CA0-4D43-BE46-ACB51D7BAD68}.Debug|Any CPU.Build.0 = Debug|Any CPU
		{FEFEE028-8CA0-4D43-BE46-ACB51D7BAD68}.Release|Any CPU.ActiveCfg = Release|Any CPU
		{FEFEE028-8CA0-4D43-BE46-ACB51D7BAD68}.Release|Any CPU.Build.0 = Release|Any CPU
		{E30252E3-8BD4-C75E-BAF1-6DDC8C4FC510}.Debug|Any CPU.ActiveCfg = Debug|Any CPU
		{E30252E3-8BD4-C75E-BAF1-6DDC8C4FC510}.Debug|Any CPU.Build.0 = Debug|Any CPU
		{E30252E3-8BD4-C75E-BAF1-6DDC8C4FC510}.Release|Any CPU.ActiveCfg = Release|Any CPU
		{E30252E3-8BD4-C75E-BAF1-6DDC8C4FC510}.Release|Any CPU.Build.0 = Release|Any CPU
	EndGlobalSection
	GlobalSection(SolutionProperties) = preSolution
		HideSolutionNode = FALSE
	EndGlobalSection
	GlobalSection(NestedProjects) = preSolution
		{E30252E3-8BD4-C75E-BAF1-6DDC8C4FC510} = {36D591C7-65C7-A0D1-1CBC-10CDE441BDC8}
	EndGlobalSection
	GlobalSection(ExtensibilityGlobals) = postSolution
		SolutionGuid = {03566301-C312-4277-A7BC-38F2EBAD9FF6}
	EndGlobalSection
EndGlobal
